
Microsoft Visual Studio Solution File, Format Version 12.00
Project("{FAE04EC0-301F-11D3-BF4B-00C04F79EFBC}") = "pbx-call-reports", "pbx-call-reports\pbx-call-reports.csproj", "{3B5ECEC4-BB07-45C2-9CF3-56DE3518C1A6}"
EndProject
Project("{2150E333-8FDC-42A3-9474-1A3956D46DE8}") = "Solution Files", "Solution Files", "{675873E3-B1B0-48B4-B666-CB07E8945D3D}"
ProjectSection(SolutionItems) = preProject
	.gitignore = .gitignore
EndProjectSection
EndProject
Global
	GlobalSection(SolutionConfigurationPlatforms) = preSolution
		Debug|Any CPU = Debug|Any CPU
		Release|Any CPU = Release|Any CPU
	EndGlobalSection
	GlobalSection(ProjectConfigurationPlatforms) = postSolution
		{3B5ECEC4-BB07-45C2-9CF3-56DE3518C1A6}.Debug|Any CPU.ActiveCfg = Debug|Any CPU
		{3B5ECEC4-BB07-45C2-9CF3-56DE3518C1A6}.Debug|Any CPU.Build.0 = Debug|Any CPU
		{3B5ECEC4-BB07-45C2-9CF3-56DE3518C1A6}.Release|Any CPU.ActiveCfg = Release|Any CPU
		{3B5ECEC4-BB07-45C2-9CF3-56DE3518C1A6}.Release|Any CPU.Build.0 = Release|Any CPU
	EndGlobalSection
EndGlobal
